
Microsoft Visual Studio Solution File, Format Version 12.00
# Visual Studio Version 17
VisualStudioVersion = 17.10.35027.167
MinimumVisualStudioVersion = 10.0.40219.1
Project("{FAE04EC0-301F-11D3-BF4B-00C04F79EFBC}") = "Homework_11", "Homework_11\Homework_11.csproj", "{ADE55DAA-FAAB-4474-8187-16E660447768}"
EndProject
Global
	GlobalSection(SolutionConfigurationPlatforms) = preSolution
		Debug|Any CPU = Debug|Any CPU
		Release|Any CPU = Release|Any CPU
	EndGlobalSection
	GlobalSection(ProjectConfigurationPlatforms) = postSolution
		{ADE55DAA-FAAB-4474-8187-16E660447768}.Debug|Any CPU.ActiveCfg = Debug|Any CPU
		{ADE55DAA-FAAB-4474-8187-16E660447768}.Debug|Any CPU.Build.0 = Debug|Any CPU
		{ADE55DAA-FAAB-4474-8187-16E660447768}.Release|Any CPU.ActiveCfg = Release|Any CPU
		{ADE55DAA-FAAB-4474-8187-16E660447768}.Release|Any CPU.Build.0 = Release|Any CPU
	EndGlobalSection
	GlobalSection(SolutionProperties) = preSolution
		HideSolutionNode = FALSE
	EndGlobalSection
	GlobalSection(ExtensibilityGlobals) = postSolution
		SolutionGuid = {0B05ACC2-FC89-4C19-BDBA-9384056071DD}
	EndGlobalSection
EndGlobal
